// !$*UTF8*$!
{
	archiveVersion = 1;
	classes = {
	};
	objectVersion = 56;
	objects = {

/* Begin PBXBuildFile section */
		3B69EBE0297EF87900A6915F /* CustomView.swift in Sources */ = {isa = PBXBuildFile; fileRef = 3B69EBDF297EF87900A6915F /* CustomView.swift */; };
		3B69EBE2297EFF5800A6915F /* MainC.storyboard in Resources */ = {isa = PBXBuildFile; fileRef = 3B69EBE1297EFF5800A6915F /* MainC.storyboard */; };
		3B69EBE8297F037200A6915F /* ViewControllerXIBs.swift in Sources */ = {isa = PBXBuildFile; fileRef = 3B69EBE6297F037200A6915F /* ViewControllerXIBs.swift */; };
		3B69EBE9297F037200A6915F /* ViewControllerXIBs.xib in Resources */ = {isa = PBXBuildFile; fileRef = 3B69EBE7297F037200A6915F /* ViewControllerXIBs.xib */; };
		3B69EBEB297F088D00A6915F /* CustomViewXIBs.swift in Sources */ = {isa = PBXBuildFile; fileRef = 3B69EBEA297F088D00A6915F /* CustomViewXIBs.swift */; };
		3B69EBED297F08A500A6915F /* CustomViewXIBs.xib in Resources */ = {isa = PBXBuildFile; fileRef = 3B69EBEC297F08A500A6915F /* CustomViewXIBs.xib */; };
		3B69EBEF297F0C4F00A6915F /* MainD.storyboard in Resources */ = {isa = PBXBuildFile; fileRef = 3B69EBEE297F0C4F00A6915F /* MainD.storyboard */; };
		3B69EBF1297F0D3000A6915F /* ViewControllerD.swift in Sources */ = {isa = PBXBuildFile; fileRef = 3B69EBF0297F0D3000A6915F /* ViewControllerD.swift */; };
		3B713C0D2975CB4300B35243 /* TableView.swift in Sources */ = {isa = PBXBuildFile; fileRef = 3B713C0C2975CB4300B35243 /* TableView.swift */; };
		3B713C1029761A6100B35243 /* CustomTableViewCell.swift in Sources */ = {isa = PBXBuildFile; fileRef = 3B713C0F29761A6100B35243 /* CustomTableViewCell.swift */; };
		3B713C12297628E700B35243 /* TableViewDataSource.swift in Sources */ = {isa = PBXBuildFile; fileRef = 3B713C11297628E700B35243 /* TableViewDataSource.swift */; };
		3B713C1429762AA500B35243 /* TableViewDelegate.swift in Sources */ = {isa = PBXBuildFile; fileRef = 3B713C1329762AA500B35243 /* TableViewDelegate.swift */; };
		3B729604297B71BB00139F0B /* MainA.storyboard in Resources */ = {isa = PBXBuildFile; fileRef = 3B729603297B71BB00139F0B /* MainA.storyboard */; };
		3B729606297B71DF00139F0B /* ViewControllerPush.swift in Sources */ = {isa = PBXBuildFile; fileRef = 3B729605297B71DF00139F0B /* ViewControllerPush.swift */; };
		3B729608297B796100139F0B /* ViewControllerPushA.swift in Sources */ = {isa = PBXBuildFile; fileRef = 3B729607297B796100139F0B /* ViewControllerPushA.swift */; };
		3B72960A297B7B1F00139F0B /* ViewControllerPushB.swift in Sources */ = {isa = PBXBuildFile; fileRef = 3B729609297B7B1F00139F0B /* ViewControllerPushB.swift */; };
		3B72960C297B923200139F0B /* ViewControllerPushC.swift in Sources */ = {isa = PBXBuildFile; fileRef = 3B72960B297B923200139F0B /* ViewControllerPushC.swift */; };
		3B72960F297B99A500139F0B /* SheetViewController.swift in Sources */ = {isa = PBXBuildFile; fileRef = 3B72960E297B99A500139F0B /* SheetViewController.swift */; };
		3B729612297BA7BC00139F0B /* CollectionViewModern.swift in Sources */ = {isa = PBXBuildFile; fileRef = 3B729611297BA7BC00139F0B /* CollectionViewModern.swift */; };
		3B72E7CD29784D050017CC32 /* StackView.swift in Sources */ = {isa = PBXBuildFile; fileRef = 3B72E7CC29784D050017CC32 /* StackView.swift */; };
		3B72E7D02978563B0017CC32 /* CollectionView.swift in Sources */ = {isa = PBXBuildFile; fileRef = 3B72E7CF2978563B0017CC32 /* CollectionView.swift */; };
		3B72E7D2297860070017CC32 /* CustomCollectionViewCell.swift in Sources */ = {isa = PBXBuildFile; fileRef = 3B72E7D1297860060017CC32 /* CustomCollectionViewCell.swift */; };
		3B72E7D52978EDDD0017CC32 /* ViewControllerA.swift in Sources */ = {isa = PBXBuildFile; fileRef = 3B72E7D42978EDDC0017CC32 /* ViewControllerA.swift */; };
		3B72E7D72978F6680017CC32 /* ViewControllerB.swift in Sources */ = {isa = PBXBuildFile; fileRef = 3B72E7D62978F6680017CC32 /* ViewControllerB.swift */; };
		3B7FB522297E0C7A00AA420B /* ApiClient.swift in Sources */ = {isa = PBXBuildFile; fileRef = 3B7FB521297E0C7A00AA420B /* ApiClient.swift */; };
		3B7FB524297E11CC00AA420B /* DelegationPatternView.swift in Sources */ = {isa = PBXBuildFile; fileRef = 3B7FB523297E11CC00AA420B /* DelegationPatternView.swift */; };
		3B7FB526297E294C00AA420B /* ViewControllerDP.swift in Sources */ = {isa = PBXBuildFile; fileRef = 3B7FB525297E294C00AA420B /* ViewControllerDP.swift */; };
		3B7FB529297E5CEE00AA420B /* MainB.storyboard in Resources */ = {isa = PBXBuildFile; fileRef = 3B7FB528297E5CEE00AA420B /* MainB.storyboard */; };
		3B7FB52B297E5D4500AA420B /* ViewControllerStory.swift in Sources */ = {isa = PBXBuildFile; fileRef = 3B7FB52A297E5D4500AA420B /* ViewControllerStory.swift */; };
		3B7FB52D297E5E0300AA420B /* ViewControllerStory2.swift in Sources */ = {isa = PBXBuildFile; fileRef = 3B7FB52C297E5E0300AA420B /* ViewControllerStory2.swift */; };
		3B82A2A0297237820088443C /* AppDelegate.swift in Sources */ = {isa = PBXBuildFile; fileRef = 3B82A29F297237820088443C /* AppDelegate.swift */; };
		3B82A2A2297237820088443C /* SceneDelegate.swift in Sources */ = {isa = PBXBuildFile; fileRef = 3B82A2A1297237820088443C /* SceneDelegate.swift */; };
		3B82A2A4297237820088443C /* ViewController.swift in Sources */ = {isa = PBXBuildFile; fileRef = 3B82A2A3297237820088443C /* ViewController.swift */; };
		3B82A2A7297237820088443C /* Main.storyboard in Resources */ = {isa = PBXBuildFile; fileRef = 3B82A2A5297237820088443C /* Main.storyboard */; };
		3B82A2A9297237840088443C /* Assets.xcassets in Resources */ = {isa = PBXBuildFile; fileRef = 3B82A2A8297237840088443C /* Assets.xcassets */; };
		3B82A2AC297237840088443C /* LaunchScreen.storyboard in Resources */ = {isa = PBXBuildFile; fileRef = 3B82A2AA297237840088443C /* LaunchScreen.storyboard */; };
		3BB8A31B2975138800A9F853 /* OnBoardingView.swift in Sources */ = {isa = PBXBuildFile; fileRef = 3BB8A31A2975138800A9F853 /* OnBoardingView.swift */; };
		3BB8A3202975187300A9F853 /* ButtonView.swift in Sources */ = {isa = PBXBuildFile; fileRef = 3BB8A31F2975187300A9F853 /* ButtonView.swift */; };
		3BB8A325297529C700A9F853 /* LabelView.swift in Sources */ = {isa = PBXBuildFile; fileRef = 3BB8A324297529C700A9F853 /* LabelView.swift */; };
		3BB8A328297530D500A9F853 /* ImageView.swift in Sources */ = {isa = PBXBuildFile; fileRef = 3BB8A327297530D500A9F853 /* ImageView.swift */; };
/* End PBXBuildFile section */

/* Begin PBXFileReference section */
		3B69EBDF297EF87900A6915F /* CustomView.swift */ = {isa = PBXFileReference; lastKnownFileType = sourcecode.swift; path = CustomView.swift; sourceTree = "<group>"; };
		3B69EBE1297EFF5800A6915F /* MainC.storyboard */ = {isa = PBXFileReference; lastKnownFileType = file.storyboard; path = MainC.storyboard; sourceTree = "<group>"; };
		3B69EBE6297F037200A6915F /* ViewControllerXIBs.swift */ = {isa = PBXFileReference; lastKnownFileType = sourcecode.swift; path = ViewControllerXIBs.swift; sourceTree = "<group>"; };
		3B69EBE7297F037200A6915F /* ViewControllerXIBs.xib */ = {isa = PBXFileReference; lastKnownFileType = file.xib; path = ViewControllerXIBs.xib; sourceTree = "<group>"; };
		3B69EBEA297F088D00A6915F /* CustomViewXIBs.swift */ = {isa = PBXFileReference; lastKnownFileType = sourcecode.swift; path = CustomViewXIBs.swift; sourceTree = "<group>"; };
		3B69EBEC297F08A500A6915F /* CustomViewXIBs.xib */ = {isa = PBXFileReference; lastKnownFileType = file.xib; path = CustomViewXIBs.xib; sourceTree = "<group>"; };
		3B69EBEE297F0C4F00A6915F /* MainD.storyboard */ = {isa = PBXFileReference; lastKnownFileType = file.storyboard; path = MainD.storyboard; sourceTree = "<group>"; };
		3B69EBF0297F0D3000A6915F /* ViewControllerD.swift */ = {isa = PBXFileReference; lastKnownFileType = sourcecode.swift; path = ViewControllerD.swift; sourceTree = "<group>"; };
		3B713C0C2975CB4300B35243 /* TableView.swift */ = {isa = PBXFileReference; lastKnownFileType = sourcecode.swift; path = TableView.swift; sourceTree = "<group>"; };
		3B713C0F29761A6100B35243 /* CustomTableViewCell.swift */ = {isa = PBXFileReference; lastKnownFileType = sourcecode.swift; path = CustomTableViewCell.swift; sourceTree = "<group>"; };
		3B713C11297628E700B35243 /* TableViewDataSource.swift */ = {isa = PBXFileReference; lastKnownFileType = sourcecode.swift; path = TableViewDataSource.swift; sourceTree = "<group>"; };
		3B713C1329762AA500B35243 /* TableViewDelegate.swift */ = {isa = PBXFileReference; lastKnownFileType = sourcecode.swift; path = TableViewDelegate.swift; sourceTree = "<group>"; };
		3B729603297B71BB00139F0B /* MainA.storyboard */ = {isa = PBXFileReference; lastKnownFileType = file.storyboard; path = MainA.storyboard; sourceTree = "<group>"; };
		3B729605297B71DF00139F0B /* ViewControllerPush.swift */ = {isa = PBXFileReference; lastKnownFileType = sourcecode.swift; path = ViewControllerPush.swift; sourceTree = "<group>"; };
		3B729607297B796100139F0B /* ViewControllerPushA.swift */ = {isa = PBXFileReference; lastKnownFileType = sourcecode.swift; path = ViewControllerPushA.swift; sourceTree = "<group>"; };
		3B729609297B7B1F00139F0B /* ViewControllerPushB.swift */ = {isa = PBXFileReference; lastKnownFileType = sourcecode.swift; path = ViewControllerPushB.swift; sourceTree = "<group>"; };
		3B72960B297B923200139F0B /* ViewControllerPushC.swift */ = {isa = PBXFileReference; lastKnownFileType = sourcecode.swift; path = ViewControllerPushC.swift; sourceTree = "<group>"; };
		3B72960E297B99A500139F0B /* SheetViewController.swift */ = {isa = PBXFileReference; lastKnownFileType = sourcecode.swift; path = SheetViewController.swift; sourceTree = "<group>"; };
		3B729611297BA7BC00139F0B /* CollectionViewModern.swift */ = {isa = PBXFileReference; lastKnownFileType = sourcecode.swift; path = CollectionViewModern.swift; sourceTree = "<group>"; };
		3B72E7CC29784D050017CC32 /* StackView.swift */ = {isa = PBXFileReference; lastKnownFileType = sourcecode.swift; path = StackView.swift; sourceTree = "<group>"; };
		3B72E7CF2978563B0017CC32 /* CollectionView.swift */ = {isa = PBXFileReference; lastKnownFileType = sourcecode.swift; path = CollectionView.swift; sourceTree = "<group>"; };
		3B72E7D1297860060017CC32 /* CustomCollectionViewCell.swift */ = {isa = PBXFileReference; lastKnownFileType = sourcecode.swift; path = CustomCollectionViewCell.swift; sourceTree = "<group>"; };
		3B72E7D42978EDDC0017CC32 /* ViewControllerA.swift */ = {isa = PBXFileReference; lastKnownFileType = sourcecode.swift; path = ViewControllerA.swift; sourceTree = "<group>"; };
		3B72E7D62978F6680017CC32 /* ViewControllerB.swift */ = {isa = PBXFileReference; lastKnownFileType = sourcecode.swift; path = ViewControllerB.swift; sourceTree = "<group>"; };
		3B7FB521297E0C7A00AA420B /* ApiClient.swift */ = {isa = PBXFileReference; lastKnownFileType = sourcecode.swift; path = ApiClient.swift; sourceTree = "<group>"; };
		3B7FB523297E11CC00AA420B /* DelegationPatternView.swift */ = {isa = PBXFileReference; lastKnownFileType = sourcecode.swift; path = DelegationPatternView.swift; sourceTree = "<group>"; };
		3B7FB525297E294C00AA420B /* ViewControllerDP.swift */ = {isa = PBXFileReference; lastKnownFileType = sourcecode.swift; path = ViewControllerDP.swift; sourceTree = "<group>"; };
		3B7FB528297E5CEE00AA420B /* MainB.storyboard */ = {isa = PBXFileReference; lastKnownFileType = file.storyboard; path = MainB.storyboard; sourceTree = "<group>"; };
		3B7FB52A297E5D4500AA420B /* ViewControllerStory.swift */ = {isa = PBXFileReference; lastKnownFileType = sourcecode.swift; path = ViewControllerStory.swift; sourceTree = "<group>"; };
		3B7FB52C297E5E0300AA420B /* ViewControllerStory2.swift */ = {isa = PBXFileReference; lastKnownFileType = sourcecode.swift; path = ViewControllerStory2.swift; sourceTree = "<group>"; };
		3B82A29C297237820088443C /* UIKitProject.app */ = {isa = PBXFileReference; explicitFileType = wrapper.application; includeInIndex = 0; path = UIKitProject.app; sourceTree = BUILT_PRODUCTS_DIR; };
		3B82A29F297237820088443C /* AppDelegate.swift */ = {isa = PBXFileReference; lastKnownFileType = sourcecode.swift; path = AppDelegate.swift; sourceTree = "<group>"; };
		3B82A2A1297237820088443C /* SceneDelegate.swift */ = {isa = PBXFileReference; lastKnownFileType = sourcecode.swift; path = SceneDelegate.swift; sourceTree = "<group>"; };
		3B82A2A3297237820088443C /* ViewController.swift */ = {isa = PBXFileReference; lastKnownFileType = sourcecode.swift; path = ViewController.swift; sourceTree = "<group>"; };
		3B82A2A6297237820088443C /* Base */ = {isa = PBXFileReference; lastKnownFileType = file.storyboard; name = Base; path = Base.lproj/Main.storyboard; sourceTree = "<group>"; };
		3B82A2A8297237840088443C /* Assets.xcassets */ = {isa = PBXFileReference; lastKnownFileType = folder.assetcatalog; path = Assets.xcassets; sourceTree = "<group>"; };
		3B82A2AB297237840088443C /* Base */ = {isa = PBXFileReference; lastKnownFileType = file.storyboard; name = Base; path = Base.lproj/LaunchScreen.storyboard; sourceTree = "<group>"; };
		3B82A2AD297237840088443C /* Info.plist */ = {isa = PBXFileReference; lastKnownFileType = text.plist.xml; path = Info.plist; sourceTree = "<group>"; };
		3BB8A31A2975138800A9F853 /* OnBoardingView.swift */ = {isa = PBXFileReference; lastKnownFileType = sourcecode.swift; path = OnBoardingView.swift; sourceTree = "<group>"; };
		3BB8A31F2975187300A9F853 /* ButtonView.swift */ = {isa = PBXFileReference; lastKnownFileType = sourcecode.swift; path = ButtonView.swift; sourceTree = "<group>"; };
		3BB8A324297529C700A9F853 /* LabelView.swift */ = {isa = PBXFileReference; lastKnownFileType = sourcecode.swift; path = LabelView.swift; sourceTree = "<group>"; };
		3BB8A327297530D500A9F853 /* ImageView.swift */ = {isa = PBXFileReference; lastKnownFileType = sourcecode.swift; path = ImageView.swift; sourceTree = "<group>"; };
/* End PBXFileReference section */

/* Begin PBXFrameworksBuildPhase section */
		3B82A299297237820088443C /* Frameworks */ = {
			isa = PBXFrameworksBuildPhase;
			buildActionMask = 2147483647;
			files = (
			);
			runOnlyForDeploymentPostprocessing = 0;
		};
/* End PBXFrameworksBuildPhase section */

/* Begin PBXGroup section */
		3B69EBE3297F030900A6915F /* XIBs */ = {
			isa = PBXGroup;
			children = (
				3B69EBE6297F037200A6915F /* ViewControllerXIBs.swift */,
				3B69EBE7297F037200A6915F /* ViewControllerXIBs.xib */,
				3B69EBEA297F088D00A6915F /* CustomViewXIBs.swift */,
				3B69EBEC297F08A500A6915F /* CustomViewXIBs.xib */,
				3B69EBEE297F0C4F00A6915F /* MainD.storyboard */,
				3B69EBF0297F0D3000A6915F /* ViewControllerD.swift */,
			);
			path = XIBs;
			sourceTree = "<group>";
		};
		3B713C0B2975CB3000B35243 /* Table */ = {
			isa = PBXGroup;
			children = (
				3B713C0C2975CB4300B35243 /* TableView.swift */,
				3B713C0F29761A6100B35243 /* CustomTableViewCell.swift */,
				3B713C11297628E700B35243 /* TableViewDataSource.swift */,
				3B713C1329762AA500B35243 /* TableViewDelegate.swift */,
			);
			path = Table;
			sourceTree = "<group>";
		};
		3B7295FF297B6EDE00139F0B /* Modal */ = {
			isa = PBXGroup;
			children = (
				3B72E7D42978EDDC0017CC32 /* ViewControllerA.swift */,
				3B72E7D62978F6680017CC32 /* ViewControllerB.swift */,
			);
			path = Modal;
			sourceTree = "<group>";
		};
		3B729600297B6EE500139F0B /* Push */ = {
			isa = PBXGroup;
			children = (
				3B729603297B71BB00139F0B /* MainA.storyboard */,
				3B729605297B71DF00139F0B /* ViewControllerPush.swift */,
				3B729607297B796100139F0B /* ViewControllerPushA.swift */,
				3B729609297B7B1F00139F0B /* ViewControllerPushB.swift */,
				3B72960B297B923200139F0B /* ViewControllerPushC.swift */,
			);
			path = Push;
			sourceTree = "<group>";
		};
		3B72960D297B97F700139F0B /* Sheet */ = {
			isa = PBXGroup;
			children = (
				3B72960E297B99A500139F0B /* SheetViewController.swift */,
			);
			path = Sheet;
			sourceTree = "<group>";
		};
		3B729610297BA79D00139F0B /* Modern */ = {
			isa = PBXGroup;
			children = (
				3B729611297BA7BC00139F0B /* CollectionViewModern.swift */,
			);
			path = Modern;
			sourceTree = "<group>";
		};
		3B72E7CB29784C980017CC32 /* Stack */ = {
			isa = PBXGroup;
			children = (
				3B72E7CC29784D050017CC32 /* StackView.swift */,
			);
			path = Stack;
			sourceTree = "<group>";
		};
		3B72E7CE297856220017CC32 /* Collection */ = {
			isa = PBXGroup;
			children = (
				3B729610297BA79D00139F0B /* Modern */,
				3B72E7CF2978563B0017CC32 /* CollectionView.swift */,
				3B72E7D1297860060017CC32 /* CustomCollectionViewCell.swift */,
			);
			path = Collection;
			sourceTree = "<group>";
		};
		3B72E7D329786D180017CC32 /* Navigation */ = {
			isa = PBXGroup;
			children = (
				3B729600297B6EE500139F0B /* Push */,
				3B7295FF297B6EDE00139F0B /* Modal */,
			);
			path = Navigation;
			sourceTree = "<group>";
		};
		3B7FB520297E0BD500AA420B /* DelegationPattern */ = {
			isa = PBXGroup;
			children = (
				3B7FB521297E0C7A00AA420B /* ApiClient.swift */,
				3B7FB523297E11CC00AA420B /* DelegationPatternView.swift */,
				3B7FB525297E294C00AA420B /* ViewControllerDP.swift */,
			);
			path = DelegationPattern;
			sourceTree = "<group>";
		};
		3B7FB527297E5CC500AA420B /* Storyboard */ = {
			isa = PBXGroup;
			children = (
				3B7FB528297E5CEE00AA420B /* MainB.storyboard */,
				3B7FB52A297E5D4500AA420B /* ViewControllerStory.swift */,
				3B7FB52C297E5E0300AA420B /* ViewControllerStory2.swift */,
				3B69EBDF297EF87900A6915F /* CustomView.swift */,
				3B69EBE1297EFF5800A6915F /* MainC.storyboard */,
			);
			path = Storyboard;
			sourceTree = "<group>";
		};
		3B82A293297237820088443C = {
			isa = PBXGroup;
			children = (
				3B82A29E297237820088443C /* UIKitProject */,
				3B82A29D297237820088443C /* Products */,
			);
			sourceTree = "<group>";
		};
		3B82A29D297237820088443C /* Products */ = {
			isa = PBXGroup;
			children = (
				3B82A29C297237820088443C /* UIKitProject.app */,
			);
			name = Products;
			sourceTree = "<group>";
		};
		3B82A29E297237820088443C /* UIKitProject */ = {
			isa = PBXGroup;
			children = (
				3B69EBE3297F030900A6915F /* XIBs */,
				3B7FB527297E5CC500AA420B /* Storyboard */,
				3B7FB520297E0BD500AA420B /* DelegationPattern */,
				3B72960D297B97F700139F0B /* Sheet */,
				3B72E7D329786D180017CC32 /* Navigation */,
				3B72E7CE297856220017CC32 /* Collection */,
				3B72E7CB29784C980017CC32 /* Stack */,
				3B713C0B2975CB3000B35243 /* Table */,
				3BB8A326297530C300A9F853 /* Image */,
				3BB8A323297529B000A9F853 /* Label */,
				3BB8A31C297517AC00A9F853 /* Button */,
				3B82A29F297237820088443C /* AppDelegate.swift */,
				3B82A2A1297237820088443C /* SceneDelegate.swift */,
				3B82A2A3297237820088443C /* ViewController.swift */,
				3BB8A31A2975138800A9F853 /* OnBoardingView.swift */,
				3B82A2A5297237820088443C /* Main.storyboard */,
				3B82A2A8297237840088443C /* Assets.xcassets */,
				3B82A2AA297237840088443C /* LaunchScreen.storyboard */,
				3B82A2AD297237840088443C /* Info.plist */,
			);
			path = UIKitProject;
			sourceTree = "<group>";
		};
		3BB8A31C297517AC00A9F853 /* Button */ = {
			isa = PBXGroup;
			children = (
				3BB8A31F2975187300A9F853 /* ButtonView.swift */,
			);
			path = Button;
			sourceTree = "<group>";
		};
		3BB8A323297529B000A9F853 /* Label */ = {
			isa = PBXGroup;
			children = (
				3BB8A324297529C700A9F853 /* LabelView.swift */,
			);
			path = Label;
			sourceTree = "<group>";
		};
		3BB8A326297530C300A9F853 /* Image */ = {
			isa = PBXGroup;
			children = (
				3BB8A327297530D500A9F853 /* ImageView.swift */,
			);
			path = Image;
			sourceTree = "<group>";
		};
/* End PBXGroup section */

/* Begin PBXNativeTarget section */
		3B82A29B297237820088443C /* UIKitProject */ = {
			isa = PBXNativeTarget;
			buildConfigurationList = 3B82A2B0297237840088443C /* Build configuration list for PBXNativeTarget "UIKitProject" */;
			buildPhases = (
				3B82A298297237820088443C /* Sources */,
				3B82A299297237820088443C /* Frameworks */,
				3B82A29A297237820088443C /* Resources */,
			);
			buildRules = (
			);
			dependencies = (
			);
			name = UIKitProject;
			productName = UIKitProject;
			productReference = 3B82A29C297237820088443C /* UIKitProject.app */;
			productType = "com.apple.product-type.application";
		};
/* End PBXNativeTarget section */

/* Begin PBXProject section */
		3B82A294297237820088443C /* Project object */ = {
			isa = PBXProject;
			attributes = {
				BuildIndependentTargetsInParallel = 1;
				LastSwiftUpdateCheck = 1410;
				LastUpgradeCheck = 1410;
				TargetAttributes = {
					3B82A29B297237820088443C = {
						CreatedOnToolsVersion = 14.1;
					};
				};
			};
			buildConfigurationList = 3B82A297297237820088443C /* Build configuration list for PBXProject "UIKitProject" */;
			compatibilityVersion = "Xcode 14.0";
			developmentRegion = en;
			hasScannedForEncodings = 0;
			knownRegions = (
				en,
				Base,
			);
			mainGroup = 3B82A293297237820088443C;
			productRefGroup = 3B82A29D297237820088443C /* Products */;
			projectDirPath = "";
			projectRoot = "";
			targets = (
				3B82A29B297237820088443C /* UIKitProject */,
			);
		};
/* End PBXProject section */

/* Begin PBXResourcesBuildPhase section */
		3B82A29A297237820088443C /* Resources */ = {
			isa = PBXResourcesBuildPhase;
			buildActionMask = 2147483647;
			files = (
				3B82A2AC297237840088443C /* LaunchScreen.storyboard in Resources */,
				3B729604297B71BB00139F0B /* MainA.storyboard in Resources */,
				3B69EBE9297F037200A6915F /* ViewControllerXIBs.xib in Resources */,
				3B82A2A9297237840088443C /* Assets.xcassets in Resources */,
				3B69EBE2297EFF5800A6915F /* MainC.storyboard in Resources */,
				3B82A2A7297237820088443C /* Main.storyboard in Resources */,
				3B7FB529297E5CEE00AA420B /* MainB.storyboard in Resources */,
				3B69EBED297F08A500A6915F /* CustomViewXIBs.xib in Resources */,
				3B69EBEF297F0C4F00A6915F /* MainD.storyboard in Resources */,
			);
			runOnlyForDeploymentPostprocessing = 0;
		};
/* End PBXResourcesBuildPhase section */

/* Begin PBXSourcesBuildPhase section */
		3B82A298297237820088443C /* Sources */ = {
			isa = PBXSourcesBuildPhase;
			buildActionMask = 2147483647;
			files = (
				3B713C1029761A6100B35243 /* CustomTableViewCell.swift in Sources */,
				3B69EBE8297F037200A6915F /* ViewControllerXIBs.swift in Sources */,
				3B72E7D72978F6680017CC32 /* ViewControllerB.swift in Sources */,
				3B729608297B796100139F0B /* ViewControllerPushA.swift in Sources */,
				3B7FB526297E294C00AA420B /* ViewControllerDP.swift in Sources */,
				3B72E7D2297860070017CC32 /* CustomCollectionViewCell.swift in Sources */,
				3B7FB522297E0C7A00AA420B /* ApiClient.swift in Sources */,
				3B82A2A4297237820088443C /* ViewController.swift in Sources */,
				3B729612297BA7BC00139F0B /* CollectionViewModern.swift in Sources */,
				3BB8A31B2975138800A9F853 /* OnBoardingView.swift in Sources */,
				3B72960C297B923200139F0B /* ViewControllerPushC.swift in Sources */,
				3BB8A3202975187300A9F853 /* ButtonView.swift in Sources */,
				3B72960A297B7B1F00139F0B /* ViewControllerPushB.swift in Sources */,
				3B7FB524297E11CC00AA420B /* DelegationPatternView.swift in Sources */,
				3B82A2A0297237820088443C /* AppDelegate.swift in Sources */,
				3B72E7D02978563B0017CC32 /* CollectionView.swift in Sources */,
				3B82A2A2297237820088443C /* SceneDelegate.swift in Sources */,
				3B713C12297628E700B35243 /* TableViewDataSource.swift in Sources */,
				3B69EBE0297EF87900A6915F /* CustomView.swift in Sources */,
				3B713C0D2975CB4300B35243 /* TableView.swift in Sources */,
				3B7FB52D297E5E0300AA420B /* ViewControllerStory2.swift in Sources */,
				3B7FB52B297E5D4500AA420B /* ViewControllerStory.swift in Sources */,
				3BB8A328297530D500A9F853 /* ImageView.swift in Sources */,
				3B69EBEB297F088D00A6915F /* CustomViewXIBs.swift in Sources */,
				3B713C1429762AA500B35243 /* TableViewDelegate.swift in Sources */,
				3BB8A325297529C700A9F853 /* LabelView.swift in Sources */,
				3B729606297B71DF00139F0B /* ViewControllerPush.swift in Sources */,
				3B72960F297B99A500139F0B /* SheetViewController.swift in Sources */,
				3B72E7CD29784D050017CC32 /* StackView.swift in Sources */,
				3B72E7D52978EDDD0017CC32 /* ViewControllerA.swift in Sources */,
				3B69EBF1297F0D3000A6915F /* ViewControllerD.swift in Sources */,
			);
			runOnlyForDeploymentPostprocessing = 0;
		};
/* End PBXSourcesBuildPhase section */

/* Begin PBXVariantGroup section */
		3B82A2A5297237820088443C /* Main.storyboard */ = {
			isa = PBXVariantGroup;
			children = (
				3B82A2A6297237820088443C /* Base */,
			);
			name = Main.storyboard;
			sourceTree = "<group>";
		};
		3B82A2AA297237840088443C /* LaunchScreen.storyboard */ = {
			isa = PBXVariantGroup;
			children = (
				3B82A2AB297237840088443C /* Base */,
			);
			name = LaunchScreen.storyboard;
			sourceTree = "<group>";
		};
/* End PBXVariantGroup section */

/* Begin XCBuildConfiguration section */
		3B82A2AE297237840088443C /* Debug */ = {
			isa = XCBuildConfiguration;
			buildSettings = {
				ALWAYS_SEARCH_USER_PATHS = NO;
				CLANG_ANALYZER_NONNULL = YES;
				CLANG_ANALYZER_NUMBER_OBJECT_CONVERSION = YES_AGGRESSIVE;
				CLANG_CXX_LANGUAGE_STANDARD = "gnu++20";
				CLANG_ENABLE_MODULES = YES;
				CLANG_ENABLE_OBJC_ARC = YES;
				CLANG_ENABLE_OBJC_WEAK = YES;
				CLANG_WARN_BLOCK_CAPTURE_AUTORELEASING = YES;
				CLANG_WARN_BOOL_CONVERSION = YES;
				CLANG_WARN_COMMA = YES;
				CLANG_WARN_CONSTANT_CONVERSION = YES;
				CLANG_WARN_DEPRECATED_OBJC_IMPLEMENTATIONS = YES;
				CLANG_WARN_DIRECT_OBJC_ISA_USAGE = YES_ERROR;
				CLANG_WARN_DOCUMENTATION_COMMENTS = YES;
				CLANG_WARN_EMPTY_BODY = YES;
				CLANG_WARN_ENUM_CONVERSION = YES;
				CLANG_WARN_INFINITE_RECURSION = YES;
				CLANG_WARN_INT_CONVERSION = YES;
				CLANG_WARN_NON_LITERAL_NULL_CONVERSION = YES;
				CLANG_WARN_OBJC_IMPLICIT_RETAIN_SELF = YES;
				CLANG_WARN_OBJC_LITERAL_CONVERSION = YES;
				CLANG_WARN_OBJC_ROOT_CLASS = YES_ERROR;
				CLANG_WARN_QUOTED_INCLUDE_IN_FRAMEWORK_HEADER = YES;
				CLANG_WARN_RANGE_LOOP_ANALYSIS = YES;
				CLANG_WARN_STRICT_PROTOTYPES = YES;
				CLANG_WARN_SUSPICIOUS_MOVE = YES;
				CLANG_WARN_UNGUARDED_AVAILABILITY = YES_AGGRESSIVE;
				CLANG_WARN_UNREACHABLE_CODE = YES;
				CLANG_WARN__DUPLICATE_METHOD_MATCH = YES;
				COPY_PHASE_STRIP = NO;
				DEBUG_INFORMATION_FORMAT = dwarf;
				ENABLE_STRICT_OBJC_MSGSEND = YES;
				ENABLE_TESTABILITY = YES;
				GCC_C_LANGUAGE_STANDARD = gnu11;
				GCC_DYNAMIC_NO_PIC = NO;
				GCC_NO_COMMON_BLOCKS = YES;
				GCC_OPTIMIZATION_LEVEL = 0;
				GCC_PREPROCESSOR_DEFINITIONS = (
					"DEBUG=1",
					"$(inherited)",
				);
				GCC_WARN_64_TO_32_BIT_CONVERSION = YES;
				GCC_WARN_ABOUT_RETURN_TYPE = YES_ERROR;
				GCC_WARN_UNDECLARED_SELECTOR = YES;
				GCC_WARN_UNINITIALIZED_AUTOS = YES_AGGRESSIVE;
				GCC_WARN_UNUSED_FUNCTION = YES;
				GCC_WARN_UNUSED_VARIABLE = YES;
				IPHONEOS_DEPLOYMENT_TARGET = 16.1;
				MTL_ENABLE_DEBUG_INFO = INCLUDE_SOURCE;
				MTL_FAST_MATH = YES;
				ONLY_ACTIVE_ARCH = YES;
				SDKROOT = iphoneos;
				SWIFT_ACTIVE_COMPILATION_CONDITIONS = DEBUG;
				SWIFT_OPTIMIZATION_LEVEL = "-Onone";
			};
			name = Debug;
		};
		3B82A2AF297237840088443C /* Release */ = {
			isa = XCBuildConfiguration;
			buildSettings = {
				ALWAYS_SEARCH_USER_PATHS = NO;
				CLANG_ANALYZER_NONNULL = YES;
				CLANG_ANALYZER_NUMBER_OBJECT_CONVERSION = YES_AGGRESSIVE;
				CLANG_CXX_LANGUAGE_STANDARD = "gnu++20";
				CLANG_ENABLE_MODULES = YES;
				CLANG_ENABLE_OBJC_ARC = YES;
				CLANG_ENABLE_OBJC_WEAK = YES;
				CLANG_WARN_BLOCK_CAPTURE_AUTORELEASING = YES;
				CLANG_WARN_BOOL_CONVERSION = YES;
				CLANG_WARN_COMMA = YES;
				CLANG_WARN_CONSTANT_CONVERSION = YES;
				CLANG_WARN_DEPRECATED_OBJC_IMPLEMENTATIONS = YES;
				CLANG_WARN_DIRECT_OBJC_ISA_USAGE = YES_ERROR;
				CLANG_WARN_DOCUMENTATION_COMMENTS = YES;
				CLANG_WARN_EMPTY_BODY = YES;
				CLANG_WARN_ENUM_CONVERSION = YES;
				CLANG_WARN_INFINITE_RECURSION = YES;
				CLANG_WARN_INT_CONVERSION = YES;
				CLANG_WARN_NON_LITERAL_NULL_CONVERSION = YES;
				CLANG_WARN_OBJC_IMPLICIT_RETAIN_SELF = YES;
				CLANG_WARN_OBJC_LITERAL_CONVERSION = YES;
				CLANG_WARN_OBJC_ROOT_CLASS = YES_ERROR;
				CLANG_WARN_QUOTED_INCLUDE_IN_FRAMEWORK_HEADER = YES;
				CLANG_WARN_RANGE_LOOP_ANALYSIS = YES;
				CLANG_WARN_STRICT_PROTOTYPES = YES;
				CLANG_WARN_SUSPICIOUS_MOVE = YES;
				CLANG_WARN_UNGUARDED_AVAILABILITY = YES_AGGRESSIVE;
				CLANG_WARN_UNREACHABLE_CODE = YES;
				CLANG_WARN__DUPLICATE_METHOD_MATCH = YES;
				COPY_PHASE_STRIP = NO;
				DEBUG_INFORMATION_FORMAT = "dwarf-with-dsym";
				ENABLE_NS_ASSERTIONS = NO;
				ENABLE_STRICT_OBJC_MSGSEND = YES;
				GCC_C_LANGUAGE_STANDARD = gnu11;
				GCC_NO_COMMON_BLOCKS = YES;
				GCC_WARN_64_TO_32_BIT_CONVERSION = YES;
				GCC_WARN_ABOUT_RETURN_TYPE = YES_ERROR;
				GCC_WARN_UNDECLARED_SELECTOR = YES;
				GCC_WARN_UNINITIALIZED_AUTOS = YES_AGGRESSIVE;
				GCC_WARN_UNUSED_FUNCTION = YES;
				GCC_WARN_UNUSED_VARIABLE = YES;
				IPHONEOS_DEPLOYMENT_TARGET = 16.1;
				MTL_ENABLE_DEBUG_INFO = NO;
				MTL_FAST_MATH = YES;
				SDKROOT = iphoneos;
				SWIFT_COMPILATION_MODE = wholemodule;
				SWIFT_OPTIMIZATION_LEVEL = "-O";
				VALIDATE_PRODUCT = YES;
			};
			name = Release;
		};
		3B82A2B1297237840088443C /* Debug */ = {
			isa = XCBuildConfiguration;
			buildSettings = {
				ASSETCATALOG_COMPILER_APPICON_NAME = AppIcon;
				ASSETCATALOG_COMPILER_GLOBAL_ACCENT_COLOR_NAME = AccentColor;
				CODE_SIGN_STYLE = Automatic;
				CURRENT_PROJECT_VERSION = 1;
				GENERATE_INFOPLIST_FILE = YES;
				INFOPLIST_FILE = UIKitProject/Info.plist;
				INFOPLIST_KEY_UIApplicationSupportsIndirectInputEvents = YES;
				INFOPLIST_KEY_UILaunchStoryboardName = LaunchScreen;
				INFOPLIST_KEY_UIMainStoryboardFile = Main;
				INFOPLIST_KEY_UIStatusBarStyle = "";
				INFOPLIST_KEY_UISupportedInterfaceOrientations_iPad = "UIInterfaceOrientationPortrait UIInterfaceOrientationPortraitUpsideDown UIInterfaceOrientationLandscapeLeft UIInterfaceOrientationLandscapeRight";
				INFOPLIST_KEY_UISupportedInterfaceOrientations_iPhone = "UIInterfaceOrientationPortrait UIInterfaceOrientationLandscapeLeft UIInterfaceOrientationLandscapeRight";
				LD_RUNPATH_SEARCH_PATHS = (
					"$(inherited)",
					"@executable_path/Frameworks",
				);
				MARKETING_VERSION = 1.0;
				PRODUCT_BUNDLE_IDENTIFIER = com.yeltsinbl.UIKitProject;
				PRODUCT_NAME = "$(TARGET_NAME)";
				SWIFT_EMIT_LOC_STRINGS = YES;
				SWIFT_VERSION = 5.0;
				TARGETED_DEVICE_FAMILY = "1,2";
			};
			name = Debug;
		};
		3B82A2B2297237840088443C /* Release */ = {
			isa = XCBuildConfiguration;
			buildSettings = {
				ASSETCATALOG_COMPILER_APPICON_NAME = AppIcon;
				ASSETCATALOG_COMPILER_GLOBAL_ACCENT_COLOR_NAME = AccentColor;
				CODE_SIGN_STYLE = Automatic;
				CURRENT_PROJECT_VERSION = 1;
				GENERATE_INFOPLIST_FILE = YES;
				INFOPLIST_FILE = UIKitProject/Info.plist;
				INFOPLIST_KEY_UIApplicationSupportsIndirectInputEvents = YES;
				INFOPLIST_KEY_UILaunchStoryboardName = LaunchScreen;
				INFOPLIST_KEY_UIMainStoryboardFile = Main;
				INFOPLIST_KEY_UIStatusBarStyle = "";
				INFOPLIST_KEY_UISupportedInterfaceOrientations_iPad = "UIInterfaceOrientationPortrait UIInterfaceOrientationPortraitUpsideDown UIInterfaceOrientationLandscapeLeft UIInterfaceOrientationLandscapeRight";
				INFOPLIST_KEY_UISupportedInterfaceOrientations_iPhone = "UIInterfaceOrientationPortrait UIInterfaceOrientationLandscapeLeft UIInterfaceOrientationLandscapeRight";
				LD_RUNPATH_SEARCH_PATHS = (
					"$(inherited)",
					"@executable_path/Frameworks",
				);
				MARKETING_VERSION = 1.0;
				PRODUCT_BUNDLE_IDENTIFIER = com.yeltsinbl.UIKitProject;
				PRODUCT_NAME = "$(TARGET_NAME)";
				SWIFT_EMIT_LOC_STRINGS = YES;
				SWIFT_VERSION = 5.0;
				TARGETED_DEVICE_FAMILY = "1,2";
			};
			name = Release;
		};
/* End XCBuildConfiguration section */

/* Begin XCConfigurationList section */
		3B82A297297237820088443C /* Build configuration list for PBXProject "UIKitProject" */ = {
			isa = XCConfigurationList;
			buildConfigurations = (
				3B82A2AE297237840088443C /* Debug */,
				3B82A2AF297237840088443C /* Release */,
			);
			defaultConfigurationIsVisible = 0;
			defaultConfigurationName = Release;
		};
		3B82A2B0297237840088443C /* Build configuration list for PBXNativeTarget "UIKitProject" */ = {
			isa = XCConfigurationList;
			buildConfigurations = (
				3B82A2B1297237840088443C /* Debug */,
				3B82A2B2297237840088443C /* Release */,
			);
			defaultConfigurationIsVisible = 0;
			defaultConfigurationName = Release;
		};
/* End XCConfigurationList section */
	};
	rootObject = 3B82A294297237820088443C /* Project object */;
}
